
Microsoft Visual Studio Solution File, Format Version 12.00
# Visual Studio Version 17
VisualStudioVersion = 17.6.33815.320
MinimumVisualStudioVersion = 10.0.40219.1
Project("{FAE04EC0-301F-11D3-BF4B-00C04F79EFBC}") = "count_sort", "count_sort\count_sort.csproj", "{75BF367F-03F5-4038-AD81-0F7A0ED49F31}"
EndProject
Global
	GlobalSection(SolutionConfigurationPlatforms) = preSolution
		Debug|Any CPU = Debug|Any CPU
		Release|Any CPU = Release|Any CPU
	EndGlobalSection
	GlobalSection(ProjectConfigurationPlatforms) = postSolution
		{75BF367F-03F5-4038-AD81-0F7A0ED49F31}.Debug|Any CPU.ActiveCfg = Debug|Any CPU
		{75BF367F-03F5-4038-AD81-0F7A0ED49F31}.Debug|Any CPU.Build.0 = Debug|Any CPU
		{75BF367F-03F5-4038-AD81-0F7A0ED49F31}.Release|Any CPU.ActiveCfg = Release|Any CPU
		{75BF367F-03F5-4038-AD81-0F7A0ED49F31}.Release|Any CPU.Build.0 = Release|Any CPU
	EndGlobalSection
	GlobalSection(SolutionProperties) = preSolution
		HideSolutionNode = FALSE
	EndGlobalSection
	GlobalSection(ExtensibilityGlobals) = postSolution
		SolutionGuid = {9971C88C-60B5-48F0-9153-9F0F5F712777}
	EndGlobalSection
EndGlobal
